
Microsoft Visual Studio Solution File, Format Version 12.00
# Visual Studio Version 16
VisualStudioVersion = 16.0.30517.126
MinimumVisualStudioVersion = 10.0.40219.1
Project("{9A19103F-16F7-4668-BE54-9A1E7A4F7556}") = "FantasyStockTradingApp.Api", "FantasyStockTradingApp\FantasyStockTradingApp.Api.csproj", "{DB243874-AC15-42C2-B29E-D6515A7A82D8}"
EndProject
Project("{9A19103F-16F7-4668-BE54-9A1E7A4F7556}") = "FantasyStockTradingApp.Tests", "Tests\FantasyStockTradingApp.Tests.csproj", "{911135F5-7D06-423E-92E0-6AADFA6BCDE3}"
EndProject
Project("{9A19103F-16F7-4668-BE54-9A1E7A4F7556}") = "FantasyStockTradingApp.Core", "FantasyStockTradingApp.Core\FantasyStockTradingApp.Core.csproj", "{67462263-906E-4375-BE63-260737C5A30D}"
EndProject
Global
	GlobalSection(SolutionConfigurationPlatforms) = preSolution
		Debug|Any CPU = Debug|Any CPU
		Release|Any CPU = Release|Any CPU
	EndGlobalSection
	GlobalSection(ProjectConfigurationPlatforms) = postSolution
		{DB243874-AC15-42C2-B29E-D6515A7A82D8}.Debug|Any CPU.ActiveCfg = Debug|Any CPU
		{DB243874-AC15-42C2-B29E-D6515A7A82D8}.Debug|Any CPU.Build.0 = Debug|Any CPU
		{DB243874-AC15-42C2-B29E-D6515A7A82D8}.Release|Any CPU.ActiveCfg = Release|Any CPU
		{DB243874-AC15-42C2-B29E-D6515A7A82D8}.Release|Any CPU.Build.0 = Release|Any CPU
		{911135F5-7D06-423E-92E0-6AADFA6BCDE3}.Debug|Any CPU.ActiveCfg = Debug|Any CPU
		{911135F5-7D06-423E-92E0-6AADFA6BCDE3}.Debug|Any CPU.Build.0 = Debug|Any CPU
		{911135F5-7D06-423E-92E0-6AADFA6BCDE3}.Release|Any CPU.ActiveCfg = Release|Any CPU
		{911135F5-7D06-423E-92E0-6AADFA6BCDE3}.Release|Any CPU.Build.0 = Release|Any CPU
		{67462263-906E-4375-BE63-260737C5A30D}.Debug|Any CPU.ActiveCfg = Debug|Any CPU
		{67462263-906E-4375-BE63-260737C5A30D}.Debug|Any CPU.Build.0 = Debug|Any CPU
		{67462263-906E-4375-BE63-260737C5A30D}.Release|Any CPU.ActiveCfg = Release|Any CPU
		{67462263-906E-4375-BE63-260737C5A30D}.Release|Any CPU.Build.0 = Release|Any CPU
	EndGlobalSection
	GlobalSection(SolutionProperties) = preSolution
		HideSolutionNode = FALSE
	EndGlobalSection
	GlobalSection(ExtensibilityGlobals) = postSolution
		SolutionGuid = {123288B0-1330-44D3-9862-BB9BE8A3DE88}
	EndGlobalSection
EndGlobal
